
Microsoft Visual Studio Solution File, Format Version 12.00
# Visual Studio Version 17
VisualStudioVersion = 17.13.35931.197 d17.13
MinimumVisualStudioVersion = 10.0.40219.1
Project("{FAE04EC0-301F-11D3-BF4B-00C04F79EFBC}") = "UserManagerApp", "UserManagerApp\UserManagerApp.csproj", "{809C2485-8997-4ACB-A2B2-ED35579F6A0B}"
EndProject
Project("{FAE04EC0-301F-11D3-BF4B-00C04F79EFBC}") = "UserManager.Data", "UserManager.Data\UserManager.Data.csproj", "{55C652A4-4B9E-4B05-8FAE-EC2D43D9A882}"
EndProject
Project("{FAE04EC0-301F-11D3-BF4B-00C04F79EFBC}") = "UserManagerApp.Web", "UserManagerApp.Web\UserManagerApp.Web.csproj", "{C4C77EA4-AA3C-41D6-B105-7474951D05C0}"
EndProject
Global
	GlobalSection(SolutionConfigurationPlatforms) = preSolution
		Debug|Any CPU = Debug|Any CPU
		Release|Any CPU = Release|Any CPU
	EndGlobalSection
	GlobalSection(ProjectConfigurationPlatforms) = postSolution
		{809C2485-8997-4ACB-A2B2-ED35579F6A0B}.Debug|Any CPU.ActiveCfg = Debug|Any CPU
		{809C2485-8997-4ACB-A2B2-ED35579F6A0B}.Debug|Any CPU.Build.0 = Debug|Any CPU
		{809C2485-8997-4ACB-A2B2-ED35579F6A0B}.Release|Any CPU.ActiveCfg = Release|Any CPU
		{809C2485-8997-4ACB-A2B2-ED35579F6A0B}.Release|Any CPU.Build.0 = Release|Any CPU
		{55C652A4-4B9E-4B05-8FAE-EC2D43D9A882}.Debug|Any CPU.ActiveCfg = Debug|Any CPU
		{55C652A4-4B9E-4B05-8FAE-EC2D43D9A882}.Debug|Any CPU.Build.0 = Debug|Any CPU
		{55C652A4-4B9E-4B05-8FAE-EC2D43D9A882}.Release|Any CPU.ActiveCfg = Release|Any CPU
		{55C652A4-4B9E-4B05-8FAE-EC2D43D9A882}.Release|Any CPU.Build.0 = Release|Any CPU
		{C4C77EA4-AA3C-41D6-B105-7474951D05C0}.Debug|Any CPU.ActiveCfg = Debug|Any CPU
		{C4C77EA4-AA3C-41D6-B105-7474951D05C0}.Debug|Any CPU.Build.0 = Debug|Any CPU
		{C4C77EA4-AA3C-41D6-B105-7474951D05C0}.Release|Any CPU.ActiveCfg = Release|Any CPU
		{C4C77EA4-AA3C-41D6-B105-7474951D05C0}.Release|Any CPU.Build.0 = Release|Any CPU
	EndGlobalSection
	GlobalSection(SolutionProperties) = preSolution
		HideSolutionNode = FALSE
	EndGlobalSection
	GlobalSection(ExtensibilityGlobals) = postSolution
		SolutionGuid = {F56AFFDB-5CE1-4864-BB22-733D3C999F0B}
	EndGlobalSection
EndGlobal
